
Microsoft Visual Studio Solution File, Format Version 12.00
# Visual Studio 15
VisualStudioVersion = 15.0.27428.2015
MinimumVisualStudioVersion = 10.0.40219.1
Project("{FAE04EC0-301F-11D3-BF4B-00C04F79EFBC}") = "neilhighleyVR", "neilhighleyVR\neilhighleyVR.csproj", "{4AEBB335-56F2-475D-B9C8-361D6560FFD1}"
EndProject
Global
	GlobalSection(SolutionConfigurationPlatforms) = preSolution
		Debug|Any CPU = Debug|Any CPU
		Release|Any CPU = Release|Any CPU
	EndGlobalSection
	GlobalSection(ProjectConfigurationPlatforms) = postSolution
		{4AEBB335-56F2-475D-B9C8-361D6560FFD1}.Debug|Any CPU.ActiveCfg = Debug|Any CPU
		{4AEBB335-56F2-475D-B9C8-361D6560FFD1}.Debug|Any CPU.Build.0 = Debug|Any CPU
		{4AEBB335-56F2-475D-B9C8-361D6560FFD1}.Release|Any CPU.ActiveCfg = Release|Any CPU
		{4AEBB335-56F2-475D-B9C8-361D6560FFD1}.Release|Any CPU.Build.0 = Release|Any CPU
	EndGlobalSection
	GlobalSection(SolutionProperties) = preSolution
		HideSolutionNode = FALSE
	EndGlobalSection
	GlobalSection(ExtensibilityGlobals) = postSolution
		SolutionGuid = {020765D7-2B13-4A75-ADFB-4010B538582D}
	EndGlobalSection
EndGlobal
